
Microsoft Visual Studio Solution File, Format Version 12.00
# Visual Studio Version 17
VisualStudioVersion = 17.2.32630.192
MinimumVisualStudioVersion = 10.0.40219.1
Project("{FAE04EC0-301F-11D3-BF4B-00C04F79EFBC}") = "C4M4H1", "C4M4H1\C4M4H1.csproj", "{7FDDCD8B-DB89-4E34-8FE0-92F56234C753}"
EndProject
Global
	GlobalSection(SolutionConfigurationPlatforms) = preSolution
		Debug|Any CPU = Debug|Any CPU
		Release|Any CPU = Release|Any CPU
	EndGlobalSection
	GlobalSection(ProjectConfigurationPlatforms) = postSolution
		{7FDDCD8B-DB89-4E34-8FE0-92F56234C753}.Debug|Any CPU.ActiveCfg = Debug|Any CPU
		{7FDDCD8B-DB89-4E34-8FE0-92F56234C753}.Debug|Any CPU.Build.0 = Debug|Any CPU
		{7FDDCD8B-DB89-4E34-8FE0-92F56234C753}.Release|Any CPU.ActiveCfg = Release|Any CPU
		{7FDDCD8B-DB89-4E34-8FE0-92F56234C753}.Release|Any CPU.Build.0 = Release|Any CPU
	EndGlobalSection
	GlobalSection(SolutionProperties) = preSolution
		HideSolutionNode = FALSE
	EndGlobalSection
	GlobalSection(ExtensibilityGlobals) = postSolution
		SolutionGuid = {3D536174-6432-4270-83ED-E76373DC3B37}
	EndGlobalSection
EndGlobal
