
Microsoft Visual Studio Solution File, Format Version 12.00
# Visual Studio Version 17
VisualStudioVersion = 17.5.33530.505
MinimumVisualStudioVersion = 10.0.40219.1
Project("{FAE04EC0-301F-11D3-BF4B-00C04F79EFBC}") = "ComputationSystem", "ComputationSystem\ComputationSystem.csproj", "{27915BE6-FF01-412E-A6BB-FA9CAD6E778B}"
EndProject
Global
	GlobalSection(SolutionConfigurationPlatforms) = preSolution
		Debug|Any CPU = Debug|Any CPU
		Release|Any CPU = Release|Any CPU
	EndGlobalSection
	GlobalSection(ProjectConfigurationPlatforms) = postSolution
		{27915BE6-FF01-412E-A6BB-FA9CAD6E778B}.Debug|Any CPU.ActiveCfg = Debug|Any CPU
		{27915BE6-FF01-412E-A6BB-FA9CAD6E778B}.Debug|Any CPU.Build.0 = Debug|Any CPU
		{27915BE6-FF01-412E-A6BB-FA9CAD6E778B}.Release|Any CPU.ActiveCfg = Release|Any CPU
		{27915BE6-FF01-412E-A6BB-FA9CAD6E778B}.Release|Any CPU.Build.0 = Release|Any CPU
	EndGlobalSection
	GlobalSection(SolutionProperties) = preSolution
		HideSolutionNode = FALSE
	EndGlobalSection
	GlobalSection(ExtensibilityGlobals) = postSolution
		SolutionGuid = {CF61F9B3-B8C5-4DDC-8B11-1B20059EBED4}
	EndGlobalSection
EndGlobal
