
Microsoft Visual Studio Solution File, Format Version 12.00
# Visual Studio Version 17
VisualStudioVersion = 17.2.32630.192
MinimumVisualStudioVersion = 10.0.40219.1
Project("{FAE04EC0-301F-11D3-BF4B-00C04F79EFBC}") = "CellWorld", "CellWorld\CellWorld.csproj", "{27D5496A-5047-42AF-92E2-49C1BF6315AB}"
EndProject
Global
	GlobalSection(SolutionConfigurationPlatforms) = preSolution
		Debug|Any CPU = Debug|Any CPU
		Release|Any CPU = Release|Any CPU
	EndGlobalSection
	GlobalSection(ProjectConfigurationPlatforms) = postSolution
		{27D5496A-5047-42AF-92E2-49C1BF6315AB}.Debug|Any CPU.ActiveCfg = Debug|Any CPU
		{27D5496A-5047-42AF-92E2-49C1BF6315AB}.Debug|Any CPU.Build.0 = Debug|Any CPU
		{27D5496A-5047-42AF-92E2-49C1BF6315AB}.Release|Any CPU.ActiveCfg = Release|Any CPU
		{27D5496A-5047-42AF-92E2-49C1BF6315AB}.Release|Any CPU.Build.0 = Release|Any CPU
	EndGlobalSection
	GlobalSection(SolutionProperties) = preSolution
		HideSolutionNode = FALSE
	EndGlobalSection
	GlobalSection(ExtensibilityGlobals) = postSolution
		SolutionGuid = {493C1E02-A8D7-4DF5-96F6-75ABA21E1C1D}
	EndGlobalSection
EndGlobal
