
Microsoft Visual Studio Solution File, Format Version 12.00
# Visual Studio Version 17
VisualStudioVersion = 17.2.32630.192
MinimumVisualStudioVersion = 10.0.40219.1
Project("{FAE04EC0-301F-11D3-BF4B-00C04F79EFBC}") = "C4M2H1", "C4M2H1\C4M2H1.csproj", "{AAFB6749-8DD2-4087-A03C-D1B0843668D6}"
EndProject
Global
	GlobalSection(SolutionConfigurationPlatforms) = preSolution
		Debug|Any CPU = Debug|Any CPU
		Release|Any CPU = Release|Any CPU
	EndGlobalSection
	GlobalSection(ProjectConfigurationPlatforms) = postSolution
		{AAFB6749-8DD2-4087-A03C-D1B0843668D6}.Debug|Any CPU.ActiveCfg = Debug|Any CPU
		{AAFB6749-8DD2-4087-A03C-D1B0843668D6}.Debug|Any CPU.Build.0 = Debug|Any CPU
		{AAFB6749-8DD2-4087-A03C-D1B0843668D6}.Release|Any CPU.ActiveCfg = Release|Any CPU
		{AAFB6749-8DD2-4087-A03C-D1B0843668D6}.Release|Any CPU.Build.0 = Release|Any CPU
	EndGlobalSection
	GlobalSection(SolutionProperties) = preSolution
		HideSolutionNode = FALSE
	EndGlobalSection
	GlobalSection(ExtensibilityGlobals) = postSolution
		SolutionGuid = {5692463B-055F-46C1-9F67-52AF094AD841}
	EndGlobalSection
EndGlobal
